
Microsoft Visual Studio Solution File, Format Version 12.00
# Visual Studio Version 17
VisualStudioVersion = 17.1.32210.238
MinimumVisualStudioVersion = 10.0.40219.1
Project("{FAE04EC0-301F-11D3-BF4B-00C04F79EFBC}") = "LAB5", "LAB5\LAB5.csproj", "{4ECE1A58-5841-48B2-A1B7-C70CD3958610}"
EndProject
Global
	GlobalSection(SolutionConfigurationPlatforms) = preSolution
		Debug|Any CPU = Debug|Any CPU
		Release|Any CPU = Release|Any CPU
	EndGlobalSection
	GlobalSection(ProjectConfigurationPlatforms) = postSolution
		{4ECE1A58-5841-48B2-A1B7-C70CD3958610}.Debug|Any CPU.ActiveCfg = Debug|Any CPU
		{4ECE1A58-5841-48B2-A1B7-C70CD3958610}.Debug|Any CPU.Build.0 = Debug|Any CPU
		{4ECE1A58-5841-48B2-A1B7-C70CD3958610}.Release|Any CPU.ActiveCfg = Release|Any CPU
		{4ECE1A58-5841-48B2-A1B7-C70CD3958610}.Release|Any CPU.Build.0 = Release|Any CPU
	EndGlobalSection
	GlobalSection(SolutionProperties) = preSolution
		HideSolutionNode = FALSE
	EndGlobalSection
	GlobalSection(ExtensibilityGlobals) = postSolution
		SolutionGuid = {98711EB4-266D-4FB5-814F-F0C6BF1AE1EE}
	EndGlobalSection
EndGlobal
